
Microsoft Visual Studio Solution File, Format Version 12.00
# Visual Studio Version 16
VisualStudioVersion = 16.0.30523.141
MinimumVisualStudioVersion = 10.0.40219.1
Project("{FAE04EC0-301F-11D3-BF4B-00C04F79EFBC}") = "MyApplications", "MyApplications\MyApplications.csproj", "{BF33C3E0-823E-4683-A871-0CC585AE577E}"
EndProject
Project("{FAE04EC0-301F-11D3-BF4B-00C04F79EFBC}") = "MyControls", "MyControls\MyControls.csproj", "{5D38836A-59C3-443B-B898-82B4EF56FDDB}"
EndProject
Project("{FAE04EC0-301F-11D3-BF4B-00C04F79EFBC}") = "ApplicationProgramFunction", "ApplicationProgramFunction\ApplicationProgramFunction.csproj", "{90F1C159-008E-4B7E-9ECA-9FBBF1C63972}"
EndProject
Project("{FAE04EC0-301F-11D3-BF4B-00C04F79EFBC}") = "PictureEditModule", "PictureEditModule\PictureEditModule.csproj", "{FDE03155-5DE5-48F7-9F53-CBA00D3AD45B}"
EndProject
Global
	GlobalSection(SolutionConfigurationPlatforms) = preSolution
		Debug|Any CPU = Debug|Any CPU
		Release|Any CPU = Release|Any CPU
	EndGlobalSection
	GlobalSection(ProjectConfigurationPlatforms) = postSolution
		{BF33C3E0-823E-4683-A871-0CC585AE577E}.Debug|Any CPU.ActiveCfg = Debug|Any CPU
		{BF33C3E0-823E-4683-A871-0CC585AE577E}.Debug|Any CPU.Build.0 = Debug|Any CPU
		{BF33C3E0-823E-4683-A871-0CC585AE577E}.Release|Any CPU.ActiveCfg = Release|Any CPU
		{BF33C3E0-823E-4683-A871-0CC585AE577E}.Release|Any CPU.Build.0 = Release|Any CPU
		{5D38836A-59C3-443B-B898-82B4EF56FDDB}.Debug|Any CPU.ActiveCfg = Debug|Any CPU
		{5D38836A-59C3-443B-B898-82B4EF56FDDB}.Debug|Any CPU.Build.0 = Debug|Any CPU
		{5D38836A-59C3-443B-B898-82B4EF56FDDB}.Release|Any CPU.ActiveCfg = Release|Any CPU
		{5D38836A-59C3-443B-B898-82B4EF56FDDB}.Release|Any CPU.Build.0 = Release|Any CPU
		{90F1C159-008E-4B7E-9ECA-9FBBF1C63972}.Debug|Any CPU.ActiveCfg = Debug|Any CPU
		{90F1C159-008E-4B7E-9ECA-9FBBF1C63972}.Debug|Any CPU.Build.0 = Debug|Any CPU
		{90F1C159-008E-4B7E-9ECA-9FBBF1C63972}.Release|Any CPU.ActiveCfg = Release|Any CPU
		{90F1C159-008E-4B7E-9ECA-9FBBF1C63972}.Release|Any CPU.Build.0 = Release|Any CPU
		{FDE03155-5DE5-48F7-9F53-CBA00D3AD45B}.Debug|Any CPU.ActiveCfg = Debug|Any CPU
		{FDE03155-5DE5-48F7-9F53-CBA00D3AD45B}.Debug|Any CPU.Build.0 = Debug|Any CPU
		{FDE03155-5DE5-48F7-9F53-CBA00D3AD45B}.Release|Any CPU.ActiveCfg = Release|Any CPU
		{FDE03155-5DE5-48F7-9F53-CBA00D3AD45B}.Release|Any CPU.Build.0 = Release|Any CPU
	EndGlobalSection
	GlobalSection(SolutionProperties) = preSolution
		HideSolutionNode = FALSE
	EndGlobalSection
	GlobalSection(ExtensibilityGlobals) = postSolution
		SolutionGuid = {98B0A457-3881-4DDF-A15B-05CCC6BCC8AE}
	EndGlobalSection
EndGlobal
